
Microsoft Visual Studio Solution File, Format Version 12.00
# Visual Studio Version 17
VisualStudioVersion = 17.1.32228.430
MinimumVisualStudioVersion = 10.0.40219.1
Project("{FAE04EC0-301F-11D3-BF4B-00C04F79EFBC}") = "MyfirstApp", "MyfirstApp\MyfirstApp.csproj", "{72F2A11C-DC75-42F5-8777-259EC736DDAE}"
EndProject
Global
	GlobalSection(SolutionConfigurationPlatforms) = preSolution
		Debug|Any CPU = Debug|Any CPU
		Release|Any CPU = Release|Any CPU
	EndGlobalSection
	GlobalSection(ProjectConfigurationPlatforms) = postSolution
		{72F2A11C-DC75-42F5-8777-259EC736DDAE}.Debug|Any CPU.ActiveCfg = Debug|Any CPU
		{72F2A11C-DC75-42F5-8777-259EC736DDAE}.Debug|Any CPU.Build.0 = Debug|Any CPU
		{72F2A11C-DC75-42F5-8777-259EC736DDAE}.Release|Any CPU.ActiveCfg = Release|Any CPU
		{72F2A11C-DC75-42F5-8777-259EC736DDAE}.Release|Any CPU.Build.0 = Release|Any CPU
	EndGlobalSection
	GlobalSection(SolutionProperties) = preSolution
		HideSolutionNode = FALSE
	EndGlobalSection
	GlobalSection(ExtensibilityGlobals) = postSolution
		SolutionGuid = {CD521053-1EEB-4832-B8C8-3D55065B02DE}
	EndGlobalSection
EndGlobal
